// !$*UTF8*$!
{
	archiveVersion = 1;
	classes = {
	};
	objectVersion = 50;
	objects = {

/* Begin PBXBuildFile section */
		4B662859261E99AD0038D824 /* AppDelegate.swift in Sources */ = {isa = PBXBuildFile; fileRef = 4B662858261E99AD0038D824 /* AppDelegate.swift */; };
		4B66285B261E99AD0038D824 /* SceneDelegate.swift in Sources */ = {isa = PBXBuildFile; fileRef = 4B66285A261E99AD0038D824 /* SceneDelegate.swift */; };
		4B66285D261E99AD0038D824 /* ViewController.swift in Sources */ = {isa = PBXBuildFile; fileRef = 4B66285C261E99AD0038D824 /* ViewController.swift */; };
		4B662860261E99AD0038D824 /* Main.storyboard in Resources */ = {isa = PBXBuildFile; fileRef = 4B66285E261E99AD0038D824 /* Main.storyboard */; };
		4B662862261E99AF0038D824 /* Assets.xcassets in Resources */ = {isa = PBXBuildFile; fileRef = 4B662861261E99AF0038D824 /* Assets.xcassets */; };
		4B662865261E99AF0038D824 /* LaunchScreen.storyboard in Resources */ = {isa = PBXBuildFile; fileRef = 4B662863261E99AF0038D824 /* LaunchScreen.storyboard */; };
		4B662870261E99AF0038D824 /* Proyect2Tests.swift in Sources */ = {isa = PBXBuildFile; fileRef = 4B66286F261E99AF0038D824 /* Proyect2Tests.swift */; };
		4B66287B261E99AF0038D824 /* Proyect2UITests.swift in Sources */ = {isa = PBXBuildFile; fileRef = 4B66287A261E99AF0038D824 /* Proyect2UITests.swift */; };
/* End PBXBuildFile section */

/* Begin PBXContainerItemProxy section */
		4B66286C261E99AF0038D824 /* PBXContainerItemProxy */ = {
			isa = PBXContainerItemProxy;
			containerPortal = 4B66284D261E99AD0038D824 /* Project object */;
			proxyType = 1;
			remoteGlobalIDString = 4B662854261E99AD0038D824;
			remoteInfo = Proyect2;
		};
		4B662877261E99AF0038D824 /* PBXContainerItemProxy */ = {
			isa = PBXContainerItemProxy;
			containerPortal = 4B66284D261E99AD0038D824 /* Project object */;
			proxyType = 1;
			remoteGlobalIDString = 4B662854261E99AD0038D824;
			remoteInfo = Proyect2;
		};
/* End PBXContainerItemProxy section */

/* Begin PBXFileReference section */
		4B662855261E99AD0038D824 /* Proyect2.app */ = {isa = PBXFileReference; explicitFileType = wrapper.application; includeInIndex = 0; path = Proyect2.app; sourceTree = BUILT_PRODUCTS_DIR; };
		4B662858261E99AD0038D824 /* AppDelegate.swift */ = {isa = PBXFileReference; lastKnownFileType = sourcecode.swift; path = AppDelegate.swift; sourceTree = "<group>"; };
		4B66285A261E99AD0038D824 /* SceneDelegate.swift */ = {isa = PBXFileReference; lastKnownFileType = sourcecode.swift; path = SceneDelegate.swift; sourceTree = "<group>"; };
		4B66285C261E99AD0038D824 /* ViewController.swift */ = {isa = PBXFileReference; lastKnownFileType = sourcecode.swift; path = ViewController.swift; sourceTree = "<group>"; };
		4B66285F261E99AD0038D824 /* Base */ = {isa = PBXFileReference; lastKnownFileType = file.storyboard; name = Base; path = Base.lproj/Main.storyboard; sourceTree = "<group>"; };
		4B662861261E99AF0038D824 /* Assets.xcassets */ = {isa = PBXFileReference; lastKnownFileType = folder.assetcatalog; path = Assets.xcassets; sourceTree = "<group>"; };
		4B662864261E99AF0038D824 /* Base */ = {isa = PBXFileReference; lastKnownFileType = file.storyboard; name = Base; path = Base.lproj/LaunchScreen.storyboard; sourceTree = "<group>"; };
		4B662866261E99AF0038D824 /* Info.plist */ = {isa = PBXFileReference; lastKnownFileType = text.plist.xml; path = Info.plist; sourceTree = "<group>"; };
		4B66286B261E99AF0038D824 /* Proyect2Tests.xctest */ = {isa = PBXFileReference; explicitFileType = wrapper.cfbundle; includeInIndex = 0; path = Proyect2Tests.xctest; sourceTree = BUILT_PRODUCTS_DIR; };
		4B66286F261E99AF0038D824 /* Proyect2Tests.swift */ = {isa = PBXFileReference; lastKnownFileType = sourcecode.swift; path = Proyect2Tests.swift; sourceTree = "<group>"; };
		4B662871261E99AF0038D824 /* Info.plist */ = {isa = PBXFileReference; lastKnownFileType = text.plist.xml; path = Info.plist; sourceTree = "<group>"; };
		4B662876261E99AF0038D824 /* Proyect2UITests.xctest */ = {isa = PBXFileReference; explicitFileType = wrapper.cfbundle; includeInIndex = 0; path = Proyect2UITests.xctest; sourceTree = BUILT_PRODUCTS_DIR; };
		4B66287A261E99AF0038D824 /* Proyect2UITests.swift */ = {isa = PBXFileReference; lastKnownFileType = sourcecode.swift; path = Proyect2UITests.swift; sourceTree = "<group>"; };
		4B66287C261E99AF0038D824 /* Info.plist */ = {isa = PBXFileReference; lastKnownFileType = text.plist.xml; path = Info.plist; sourceTree = "<group>"; };
/* End PBXFileReference section */

/* Begin PBXFrameworksBuildPhase section */
		4B662852261E99AD0038D824 /* Frameworks */ = {
			isa = PBXFrameworksBuildPhase;
			buildActionMask = 2147483647;
			files = (
			);
			runOnlyForDeploymentPostprocessing = 0;
		};
		4B662868261E99AF0038D824 /* Frameworks */ = {
			isa = PBXFrameworksBuildPhase;
			buildActionMask = 2147483647;
			files = (
			);
			runOnlyForDeploymentPostprocessing = 0;
		};
		4B662873261E99AF0038D824 /* Frameworks */ = {
			isa = PBXFrameworksBuildPhase;
			buildActionMask = 2147483647;
			files = (
			);
			runOnlyForDeploymentPostprocessing = 0;
		};
/* End PBXFrameworksBuildPhase section */

/* Begin PBXGroup section */
		4B66284C261E99AD0038D824 = {
			isa = PBXGroup;
			children = (
				4B662857261E99AD0038D824 /* Proyect2 */,
				4B66286E261E99AF0038D824 /* Proyect2Tests */,
				4B662879261E99AF0038D824 /* Proyect2UITests */,
				4B662856261E99AD0038D824 /* Products */,
			);
			sourceTree = "<group>";
		};
		4B662856261E99AD0038D824 /* Products */ = {
			isa = PBXGroup;
			children = (
				4B662855261E99AD0038D824 /* Proyect2.app */,
				4B66286B261E99AF0038D824 /* Proyect2Tests.xctest */,
				4B662876261E99AF0038D824 /* Proyect2UITests.xctest */,
			);
			name = Products;
			sourceTree = "<group>";
		};
		4B662857261E99AD0038D824 /* Proyect2 */ = {
			isa = PBXGroup;
			children = (
				4B662858261E99AD0038D824 /* AppDelegate.swift */,
				4B66285A261E99AD0038D824 /* SceneDelegate.swift */,
				4B66285C261E99AD0038D824 /* ViewController.swift */,
				4B66285E261E99AD0038D824 /* Main.storyboard */,
				4B662861261E99AF0038D824 /* Assets.xcassets */,
				4B662863261E99AF0038D824 /* LaunchScreen.storyboard */,
				4B662866261E99AF0038D824 /* Info.plist */,
			);
			path = Proyect2;
			sourceTree = "<group>";
		};
		4B66286E261E99AF0038D824 /* Proyect2Tests */ = {
			isa = PBXGroup;
			children = (
				4B66286F261E99AF0038D824 /* Proyect2Tests.swift */,
				4B662871261E99AF0038D824 /* Info.plist */,
			);
			path = Proyect2Tests;
			sourceTree = "<group>";
		};
		4B662879261E99AF0038D824 /* Proyect2UITests */ = {
			isa = PBXGroup;
			children = (
				4B66287A261E99AF0038D824 /* Proyect2UITests.swift */,
				4B66287C261E99AF0038D824 /* Info.plist */,
			);
			path = Proyect2UITests;
			sourceTree = "<group>";
		};
/* End PBXGroup section */

/* Begin PBXNativeTarget section */
		4B662854261E99AD0038D824 /* Proyect2 */ = {
			isa = PBXNativeTarget;
			buildConfigurationList = 4B66287F261E99AF0038D824 /* Build configuration list for PBXNativeTarget "Proyect2" */;
			buildPhases = (
				4B662851261E99AD0038D824 /* Sources */,
				4B662852261E99AD0038D824 /* Frameworks */,
				4B662853261E99AD0038D824 /* Resources */,
			);
			buildRules = (
			);
			dependencies = (
			);
			name = Proyect2;
			productName = Proyect2;
			productReference = 4B662855261E99AD0038D824 /* Proyect2.app */;
			productType = "com.apple.product-type.application";
		};
		4B66286A261E99AF0038D824 /* Proyect2Tests */ = {
			isa = PBXNativeTarget;
			buildConfigurationList = 4B662882261E99AF0038D824 /* Build configuration list for PBXNativeTarget "Proyect2Tests" */;
			buildPhases = (
				4B662867261E99AF0038D824 /* Sources */,
				4B662868261E99AF0038D824 /* Frameworks */,
				4B662869261E99AF0038D824 /* Resources */,
			);
			buildRules = (
			);
			dependencies = (
				4B66286D261E99AF0038D824 /* PBXTargetDependency */,
			);
			name = Proyect2Tests;
			productName = Proyect2Tests;
			productReference = 4B66286B261E99AF0038D824 /* Proyect2Tests.xctest */;
			productType = "com.apple.product-type.bundle.unit-test";
		};
		4B662875261E99AF0038D824 /* Proyect2UITests */ = {
			isa = PBXNativeTarget;
			buildConfigurationList = 4B662885261E99AF0038D824 /* Build configuration list for PBXNativeTarget "Proyect2UITests" */;
			buildPhases = (
				4B662872261E99AF0038D824 /* Sources */,
				4B662873261E99AF0038D824 /* Frameworks */,
				4B662874261E99AF0038D824 /* Resources */,
			);
			buildRules = (
			);
			dependencies = (
				4B662878261E99AF0038D824 /* PBXTargetDependency */,
			);
			name = Proyect2UITests;
			productName = Proyect2UITests;
			productReference = 4B662876261E99AF0038D824 /* Proyect2UITests.xctest */;
			productType = "com.apple.product-type.bundle.ui-testing";
		};
/* End PBXNativeTarget section */

/* Begin PBXProject section */
		4B66284D261E99AD0038D824 /* Project object */ = {
			isa = PBXProject;
			attributes = {
				LastSwiftUpdateCheck = 1130;
				LastUpgradeCheck = 1130;
				ORGANIZATIONNAME = user185916;
				TargetAttributes = {
					4B662854261E99AD0038D824 = {
						CreatedOnToolsVersion = 11.3.1;
					};
					4B66286A261E99AF0038D824 = {
						CreatedOnToolsVersion = 11.3.1;
						TestTargetID = 4B662854261E99AD0038D824;
					};
					4B662875261E99AF0038D824 = {
						CreatedOnToolsVersion = 11.3.1;
						TestTargetID = 4B662854261E99AD0038D824;
					};
				};
			};
			buildConfigurationList = 4B662850261E99AD0038D824 /* Build configuration list for PBXProject "Proyect2" */;
			compatibilityVersion = "Xcode 9.3";
			developmentRegion = en;
			hasScannedForEncodings = 0;
			knownRegions = (
				en,
				Base,
			);
			mainGroup = 4B66284C261E99AD0038D824;
			productRefGroup = 4B662856261E99AD0038D824 /* Products */;
			projectDirPath = "";
			projectRoot = "";
			targets = (
				4B662854261E99AD0038D824 /* Proyect2 */,
				4B66286A261E99AF0038D824 /* Proyect2Tests */,
				4B662875261E99AF0038D824 /* Proyect2UITests */,
			);
		};
/* End PBXProject section */

/* Begin PBXResourcesBuildPhase section */
		4B662853261E99AD0038D824 /* Resources */ = {
			isa = PBXResourcesBuildPhase;
			buildActionMask = 2147483647;
			files = (
				4B662865261E99AF0038D824 /* LaunchScreen.storyboard in Resources */,
				4B662862261E99AF0038D824 /* Assets.xcassets in Resources */,
				4B662860261E99AD0038D824 /* Main.storyboard in Resources */,
			);
			runOnlyForDeploymentPostprocessing = 0;
		};
		4B662869261E99AF0038D824 /* Resources */ = {
			isa = PBXResourcesBuildPhase;
			buildActionMask = 2147483647;
			files = (
			);
			runOnlyForDeploymentPostprocessing = 0;
		};
		4B662874261E99AF0038D824 /* Resources */ = {
			isa = PBXResourcesBuildPhase;
			buildActionMask = 2147483647;
			files = (
			);
			runOnlyForDeploymentPostprocessing = 0;
		};
/* End PBXResourcesBuildPhase section */

/* Begin PBXSourcesBuildPhase section */
		4B662851261E99AD0038D824 /* Sources */ = {
			isa = PBXSourcesBuildPhase;
			buildActionMask = 2147483647;
			files = (
				4B66285D261E99AD0038D824 /* ViewController.swift in Sources */,
				4B662859261E99AD0038D824 /* AppDelegate.swift in Sources */,
				4B66285B261E99AD0038D824 /* SceneDelegate.swift in Sources */,
			);
			runOnlyForDeploymentPostprocessing = 0;
		};
		4B662867261E99AF0038D824 /* Sources */ = {
			isa = PBXSourcesBuildPhase;
			buildActionMask = 2147483647;
			files = (
				4B662870261E99AF0038D824 /* Proyect2Tests.swift in Sources */,
			);
			runOnlyForDeploymentPostprocessing = 0;
		};
		4B662872261E99AF0038D824 /* Sources */ = {
			isa = PBXSourcesBuildPhase;
			buildActionMask = 2147483647;
			files = (
				4B66287B261E99AF0038D824 /* Proyect2UITests.swift in Sources */,
			);
			runOnlyForDeploymentPostprocessing = 0;
		};
/* End PBXSourcesBuildPhase section */

/* Begin PBXTargetDependency section */
		4B66286D261E99AF0038D824 /* PBXTargetDependency */ = {
			isa = PBXTargetDependency;
			target = 4B662854261E99AD0038D824 /* Proyect2 */;
			targetProxy = 4B66286C261E99AF0038D824 /* PBXContainerItemProxy */;
		};
		4B662878261E99AF0038D824 /* PBXTargetDependency */ = {
			isa = PBXTargetDependency;
			target = 4B662854261E99AD0038D824 /* Proyect2 */;
			targetProxy = 4B662877261E99AF0038D824 /* PBXContainerItemProxy */;
		};
/* End PBXTargetDependency section */

/* Begin PBXVariantGroup section */
		4B66285E261E99AD0038D824 /* Main.storyboard */ = {
			isa = PBXVariantGroup;
			children = (
				4B66285F261E99AD0038D824 /* Base */,
			);
			name = Main.storyboard;
			sourceTree = "<group>";
		};
		4B662863261E99AF0038D824 /* LaunchScreen.storyboard */ = {
			isa = PBXVariantGroup;
			children = (
				4B662864261E99AF0038D824 /* Base */,
			);
			name = LaunchScreen.storyboard;
			sourceTree = "<group>";
		};
/* End PBXVariantGroup section */

/* Begin XCBuildConfiguration section */
		4B66287D261E99AF0038D824 /* Debug */ = {
			isa = XCBuildConfiguration;
			buildSettings = {
				ALWAYS_SEARCH_USER_PATHS = NO;
				CLANG_ANALYZER_NONNULL = YES;
				CLANG_ANALYZER_NUMBER_OBJECT_CONVERSION = YES_AGGRESSIVE;
				CLANG_CXX_LANGUAGE_STANDARD = "gnu++14";
				CLANG_CXX_LIBRARY = "libc++";
				CLANG_ENABLE_MODULES = YES;
				CLANG_ENABLE_OBJC_ARC = YES;
				CLANG_ENABLE_OBJC_WEAK = YES;
				CLANG_WARN_BLOCK_CAPTURE_AUTORELEASING = YES;
				CLANG_WARN_BOOL_CONVERSION = YES;
				CLANG_WARN_COMMA = YES;
				CLANG_WARN_CONSTANT_CONVERSION = YES;
				CLANG_WARN_DEPRECATED_OBJC_IMPLEMENTATIONS = YES;
				CLANG_WARN_DIRECT_OBJC_ISA_USAGE = YES_ERROR;
				CLANG_WARN_DOCUMENTATION_COMMENTS = YES;
				CLANG_WARN_EMPTY_BODY = YES;
				CLANG_WARN_ENUM_CONVERSION = YES;
				CLANG_WARN_INFINITE_RECURSION = YES;
				CLANG_WARN_INT_CONVERSION = YES;
				CLANG_WARN_NON_LITERAL_NULL_CONVERSION = YES;
				CLANG_WARN_OBJC_IMPLICIT_RETAIN_SELF = YES;
				CLANG_WARN_OBJC_LITERAL_CONVERSION = YES;
				CLANG_WARN_OBJC_ROOT_CLASS = YES_ERROR;
				CLANG_WARN_RANGE_LOOP_ANALYSIS = YES;
				CLANG_WARN_STRICT_PROTOTYPES = YES;
				CLANG_WARN_SUSPICIOUS_MOVE = YES;
				CLANG_WARN_UNGUARDED_AVAILABILITY = YES_AGGRESSIVE;
				CLANG_WARN_UNREACHABLE_CODE = YES;
				CLANG_WARN__DUPLICATE_METHOD_MATCH = YES;
				COPY_PHASE_STRIP = NO;
				DEBUG_INFORMATION_FORMAT = dwarf;
				ENABLE_STRICT_OBJC_MSGSEND = YES;
				ENABLE_TESTABILITY = YES;
				GCC_C_LANGUAGE_STANDARD = gnu11;
				GCC_DYNAMIC_NO_PIC = NO;
				GCC_NO_COMMON_BLOCKS = YES;
				GCC_OPTIMIZATION_LEVEL = 0;
				GCC_PREPROCESSOR_DEFINITIONS = (
					"DEBUG=1",
					"$(inherited)",
				);
				GCC_WARN_64_TO_32_BIT_CONVERSION = YES;
				GCC_WARN_ABOUT_RETURN_TYPE = YES_ERROR;
				GCC_WARN_UNDECLARED_SELECTOR = YES;
				GCC_WARN_UNINITIALIZED_AUTOS = YES_AGGRESSIVE;
				GCC_WARN_UNUSED_FUNCTION = YES;
				GCC_WARN_UNUSED_VARIABLE = YES;
				IPHONEOS_DEPLOYMENT_TARGET = 13.2;
				MTL_ENABLE_DEBUG_INFO = INCLUDE_SOURCE;
				MTL_FAST_MATH = YES;
				ONLY_ACTIVE_ARCH = YES;
				SDKROOT = iphoneos;
				SWIFT_ACTIVE_COMPILATION_CONDITIONS = DEBUG;
				SWIFT_OPTIMIZATION_LEVEL = "-Onone";
			};
			name = Debug;
		};
		4B66287E261E99AF0038D824 /* Release */ = {
			isa = XCBuildConfiguration;
			buildSettings = {
				ALWAYS_SEARCH_USER_PATHS = NO;
				CLANG_ANALYZER_NONNULL = YES;
				CLANG_ANALYZER_NUMBER_OBJECT_CONVERSION = YES_AGGRESSIVE;
				CLANG_CXX_LANGUAGE_STANDARD = "gnu++14";
				CLANG_CXX_LIBRARY = "libc++";
				CLANG_ENABLE_MODULES = YES;
				CLANG_ENABLE_OBJC_ARC = YES;
				CLANG_ENABLE_OBJC_WEAK = YES;
				CLANG_WARN_BLOCK_CAPTURE_AUTORELEASING = YES;
				CLANG_WARN_BOOL_CONVERSION = YES;
				CLANG_WARN_COMMA = YES;
				CLANG_WARN_CONSTANT_CONVERSION = YES;
				CLANG_WARN_DEPRECATED_OBJC_IMPLEMENTATIONS = YES;
				CLANG_WARN_DIRECT_OBJC_ISA_USAGE = YES_ERROR;
				CLANG_WARN_DOCUMENTATION_COMMENTS = YES;
				CLANG_WARN_EMPTY_BODY = YES;
				CLANG_WARN_ENUM_CONVERSION = YES;
				CLANG_WARN_INFINITE_RECURSION = YES;
				CLANG_WARN_INT_CONVERSION = YES;
				CLANG_WARN_NON_LITERAL_NULL_CONVERSION = YES;
				CLANG_WARN_OBJC_IMPLICIT_RETAIN_SELF = YES;
				CLANG_WARN_OBJC_LITERAL_CONVERSION = YES;
				CLANG_WARN_OBJC_ROOT_CLASS = YES_ERROR;
				CLANG_WARN_RANGE_LOOP_ANALYSIS = YES;
				CLANG_WARN_STRICT_PROTOTYPES = YES;
				CLANG_WARN_SUSPICIOUS_MOVE = YES;
				CLANG_WARN_UNGUARDED_AVAILABILITY = YES_AGGRESSIVE;
				CLANG_WARN_UNREACHABLE_CODE = YES;
				CLANG_WARN__DUPLICATE_METHOD_MATCH = YES;
				COPY_PHASE_STRIP = NO;
				DEBUG_INFORMATION_FORMAT = "dwarf-with-dsym";
				ENABLE_NS_ASSERTIONS = NO;
				ENABLE_STRICT_OBJC_MSGSEND = YES;
				GCC_C_LANGUAGE_STANDARD = gnu11;
				GCC_NO_COMMON_BLOCKS = YES;
				GCC_WARN_64_TO_32_BIT_CONVERSION = YES;
				GCC_WARN_ABOUT_RETURN_TYPE = YES_ERROR;
				GCC_WARN_UNDECLARED_SELECTOR = YES;
				GCC_WARN_UNINITIALIZED_AUTOS = YES_AGGRESSIVE;
				GCC_WARN_UNUSED_FUNCTION = YES;
				GCC_WARN_UNUSED_VARIABLE = YES;
				IPHONEOS_DEPLOYMENT_TARGET = 13.2;
				MTL_ENABLE_DEBUG_INFO = NO;
				MTL_FAST_MATH = YES;
				SDKROOT = iphoneos;
				SWIFT_COMPILATION_MODE = wholemodule;
				SWIFT_OPTIMIZATION_LEVEL = "-O";
				VALIDATE_PRODUCT = YES;
			};
			name = Release;
		};
		4B662880261E99AF0038D824 /* Debug */ = {
			isa = XCBuildConfiguration;
			buildSettings = {
				ASSETCATALOG_COMPILER_APPICON_NAME = AppIcon;
				CODE_SIGN_STYLE = Automatic;
				INFOPLIST_FILE = Proyect2/Info.plist;
				LD_RUNPATH_SEARCH_PATHS = (
					"$(inherited)",
					"@executable_path/Frameworks",
				);
				PRODUCT_BUNDLE_IDENTIFIER = com.ErickEstudiante.Proyect2;
				PRODUCT_NAME = "$(TARGET_NAME)";
				SWIFT_VERSION = 5.0;
				TARGETED_DEVICE_FAMILY = "1,2";
			};
			name = Debug;
		};
		4B662881261E99AF0038D824 /* Release */ = {
			isa = XCBuildConfiguration;
			buildSettings = {
				ASSETCATALOG_COMPILER_APPICON_NAME = AppIcon;
				CODE_SIGN_STYLE = Automatic;
				INFOPLIST_FILE = Proyect2/Info.plist;
				LD_RUNPATH_SEARCH_PATHS = (
					"$(inherited)",
					"@executable_path/Frameworks",
				);
				PRODUCT_BUNDLE_IDENTIFIER = com.ErickEstudiante.Proyect2;
				PRODUCT_NAME = "$(TARGET_NAME)";
				SWIFT_VERSION = 5.0;
				TARGETED_DEVICE_FAMILY = "1,2";
			};
			name = Release;
		};
		4B662883261E99AF0038D824 /* Debug */ = {
			isa = XCBuildConfiguration;
			buildSettings = {
				ALWAYS_EMBED_SWIFT_STANDARD_LIBRARIES = YES;
				BUNDLE_LOADER = "$(TEST_HOST)";
				CODE_SIGN_STYLE = Automatic;
				INFOPLIST_FILE = Proyect2Tests/Info.plist;
				IPHONEOS_DEPLOYMENT_TARGET = 13.2;
				LD_RUNPATH_SEARCH_PATHS = (
					"$(inherited)",
					"@executable_path/Frameworks",
					"@loader_path/Frameworks",
				);
				PRODUCT_BUNDLE_IDENTIFIER = com.ErickEstudiante.Proyect2Tests;
				PRODUCT_NAME = "$(TARGET_NAME)";
				SWIFT_VERSION = 5.0;
				TARGETED_DEVICE_FAMILY = "1,2";
				TEST_HOST = "$(BUILT_PRODUCTS_DIR)/Proyect2.app/Proyect2";
			};
			name = Debug;
		};
		4B662884261E99AF0038D824 /* Release */ = {
			isa = XCBuildConfiguration;
			buildSettings = {
				ALWAYS_EMBED_SWIFT_STANDARD_LIBRARIES = YES;
				BUNDLE_LOADER = "$(TEST_HOST)";
				CODE_SIGN_STYLE = Automatic;
				INFOPLIST_FILE = Proyect2Tests/Info.plist;
				IPHONEOS_DEPLOYMENT_TARGET = 13.2;
				LD_RUNPATH_SEARCH_PATHS = (
					"$(inherited)",
					"@executable_path/Frameworks",
					"@loader_path/Frameworks",
				);
				PRODUCT_BUNDLE_IDENTIFIER = com.ErickEstudiante.Proyect2Tests;
				PRODUCT_NAME = "$(TARGET_NAME)";
				SWIFT_VERSION = 5.0;
				TARGETED_DEVICE_FAMILY = "1,2";
				TEST_HOST = "$(BUILT_PRODUCTS_DIR)/Proyect2.app/Proyect2";
			};
			name = Release;
		};
		4B662886261E99AF0038D824 /* Debug */ = {
			isa = XCBuildConfiguration;
			buildSettings = {
				ALWAYS_EMBED_SWIFT_STANDARD_LIBRARIES = YES;
				CODE_SIGN_STYLE = Automatic;
				INFOPLIST_FILE = Proyect2UITests/Info.plist;
				LD_RUNPATH_SEARCH_PATHS = (
					"$(inherited)",
					"@executable_path/Frameworks",
					"@loader_path/Frameworks",
				);
				PRODUCT_BUNDLE_IDENTIFIER = com.ErickEstudiante.Proyect2UITests;
				PRODUCT_NAME = "$(TARGET_NAME)";
				SWIFT_VERSION = 5.0;
				TARGETED_DEVICE_FAMILY = "1,2";
				TEST_TARGET_NAME = Proyect2;
			};
			name = Debug;
		};
		4B662887261E99AF0038D824 /* Release */ = {
			isa = XCBuildConfiguration;
			buildSettings = {
				ALWAYS_EMBED_SWIFT_STANDARD_LIBRARIES = YES;
				CODE_SIGN_STYLE = Automatic;
				INFOPLIST_FILE = Proyect2UITests/Info.plist;
				LD_RUNPATH_SEARCH_PATHS = (
					"$(inherited)",
					"@executable_path/Frameworks",
					"@loader_path/Frameworks",
				);
				PRODUCT_BUNDLE_IDENTIFIER = com.ErickEstudiante.Proyect2UITests;
				PRODUCT_NAME = "$(TARGET_NAME)";
				SWIFT_VERSION = 5.0;
				TARGETED_DEVICE_FAMILY = "1,2";
				TEST_TARGET_NAME = Proyect2;
			};
			name = Release;
		};
/* End XCBuildConfiguration section */

/* Begin XCConfigurationList section */
		4B662850261E99AD0038D824 /* Build configuration list for PBXProject "Proyect2" */ = {
			isa = XCConfigurationList;
			buildConfigurations = (
				4B66287D261E99AF0038D824 /* Debug */,
				4B66287E261E99AF0038D824 /* Release */,
			);
			defaultConfigurationIsVisible = 0;
			defaultConfigurationName = Release;
		};
		4B66287F261E99AF0038D824 /* Build configuration list for PBXNativeTarget "Proyect2" */ = {
			isa = XCConfigurationList;
			buildConfigurations = (
				4B662880261E99AF0038D824 /* Debug */,
				4B662881261E99AF0038D824 /* Release */,
			);
			defaultConfigurationIsVisible = 0;
			defaultConfigurationName = Release;
		};
		4B662882261E99AF0038D824 /* Build configuration list for PBXNativeTarget "Proyect2Tests" */ = {
			isa = XCConfigurationList;
			buildConfigurations = (
				4B662883261E99AF0038D824 /* Debug */,
				4B662884261E99AF0038D824 /* Release */,
			);
			defaultConfigurationIsVisible = 0;
			defaultConfigurationName = Release;
		};
		4B662885261E99AF0038D824 /* Build configuration list for PBXNativeTarget "Proyect2UITests" */ = {
			isa = XCConfigurationList;
			buildConfigurations = (
				4B662886261E99AF0038D824 /* Debug */,
				4B662887261E99AF0038D824 /* Release */,
			);
			defaultConfigurationIsVisible = 0;
			defaultConfigurationName = Release;
		};
/* End XCConfigurationList section */
	};
	rootObject = 4B66284D261E99AD0038D824 /* Project object */;
}
